
Microsoft Visual Studio Solution File, Format Version 11.00
# Visual Studio 2010
Project("{FAE04EC0-301F-11D3-BF4B-00C04F79EFBC}") = "Tests", "tests\Tests.csproj", "{8E04568E-ECC4-42C8-9CD1-2540C4536DB0}"
EndProject
Project("{FAE04EC0-301F-11D3-BF4B-00C04F79EFBC}") = "Web", "web\Web.csproj", "{80009B6B-DC67-4A26-A6F2-A2E740A3C6EF}"
EndProject
Project("{2150E333-8FDC-42A3-9474-1A3956D46DE8}") = ".nuget", ".nuget", "{6595C8B5-FABF-4D29-B852-FAA9F9CC79AE}"
	ProjectSection(SolutionItems) = preProject
		.nuget\NuGet.Config = .nuget\NuGet.Config
		.nuget\NuGet.exe = .nuget\NuGet.exe
		.nuget\NuGet.targets = .nuget\NuGet.targets
	EndProjectSection
EndProject
Global
	GlobalSection(SolutionConfigurationPlatforms) = preSolution
		Debug|Any CPU = Debug|Any CPU
		Debug|Mixed Platforms = Debug|Mixed Platforms
		Debug|x86 = Debug|x86
		Release|Any CPU = Release|Any CPU
		Release|Mixed Platforms = Release|Mixed Platforms
		Release|x86 = Release|x86
	EndGlobalSection
	GlobalSection(ProjectConfigurationPlatforms) = postSolution
		{8E04568E-ECC4-42C8-9CD1-2540C4536DB0}.Debug|Any CPU.ActiveCfg = Debug|Any CPU
		{8E04568E-ECC4-42C8-9CD1-2540C4536DB0}.Debug|Any CPU.Build.0 = Debug|Any CPU
		{8E04568E-ECC4-42C8-9CD1-2540C4536DB0}.Debug|Mixed Platforms.ActiveCfg = Debug|Any CPU
		{8E04568E-ECC4-42C8-9CD1-2540C4536DB0}.Debug|Mixed Platforms.Build.0 = Debug|Any CPU
		{8E04568E-ECC4-42C8-9CD1-2540C4536DB0}.Debug|x86.ActiveCfg = Debug|Any CPU
		{8E04568E-ECC4-42C8-9CD1-2540C4536DB0}.Release|Any CPU.ActiveCfg = Release|Any CPU
		{8E04568E-ECC4-42C8-9CD1-2540C4536DB0}.Release|Any CPU.Build.0 = Release|Any CPU
		{8E04568E-ECC4-42C8-9CD1-2540C4536DB0}.Release|Mixed Platforms.ActiveCfg = Release|Any CPU
		{8E04568E-ECC4-42C8-9CD1-2540C4536DB0}.Release|Mixed Platforms.Build.0 = Release|Any CPU
		{8E04568E-ECC4-42C8-9CD1-2540C4536DB0}.Release|x86.ActiveCfg = Release|Any CPU
		{80009B6B-DC67-4A26-A6F2-A2E740A3C6EF}.Debug|Any CPU.ActiveCfg = Debug|Any CPU
		{80009B6B-DC67-4A26-A6F2-A2E740A3C6EF}.Debug|Any CPU.Build.0 = Debug|Any CPU
		{80009B6B-DC67-4A26-A6F2-A2E740A3C6EF}.Debug|Mixed Platforms.ActiveCfg = Debug|Any CPU
		{80009B6B-DC67-4A26-A6F2-A2E740A3C6EF}.Debug|Mixed Platforms.Build.0 = Debug|Any CPU
		{80009B6B-DC67-4A26-A6F2-A2E740A3C6EF}.Debug|x86.ActiveCfg = Debug|Any CPU
		{80009B6B-DC67-4A26-A6F2-A2E740A3C6EF}.Release|Any CPU.ActiveCfg = Release|Any CPU
		{80009B6B-DC67-4A26-A6F2-A2E740A3C6EF}.Release|Any CPU.Build.0 = Release|Any CPU
		{80009B6B-DC67-4A26-A6F2-A2E740A3C6EF}.Release|Mixed Platforms.ActiveCfg = Release|Any CPU
		{80009B6B-DC67-4A26-A6F2-A2E740A3C6EF}.Release|Mixed Platforms.Build.0 = Release|Any CPU
		{80009B6B-DC67-4A26-A6F2-A2E740A3C6EF}.Release|x86.ActiveCfg = Release|Any CPU
	EndGlobalSection
	GlobalSection(SolutionProperties) = preSolution
		HideSolutionNode = FALSE
	EndGlobalSection
EndGlobal
